
Microsoft Visual Studio Solution File, Format Version 12.00
# Visual Studio Version 17
VisualStudioVersion = 17.4.33103.184
MinimumVisualStudioVersion = 10.0.40219.1
Project("{FAE04EC0-301F-11D3-BF4B-00C04F79EFBC}") = "tic-tac-toe", "tic-tac-toe.csproj", "{35543B3B-E9AF-4591-AD4E-6EFC4F9FCBC3}"
EndProject
Global
	GlobalSection(SolutionConfigurationPlatforms) = preSolution
		Debug|Any CPU = Debug|Any CPU
		Release|Any CPU = Release|Any CPU
	EndGlobalSection
	GlobalSection(ProjectConfigurationPlatforms) = postSolution
		{35543B3B-E9AF-4591-AD4E-6EFC4F9FCBC3}.Debug|Any CPU.ActiveCfg = Debug|Any CPU
		{35543B3B-E9AF-4591-AD4E-6EFC4F9FCBC3}.Debug|Any CPU.Build.0 = Debug|Any CPU
		{35543B3B-E9AF-4591-AD4E-6EFC4F9FCBC3}.Release|Any CPU.ActiveCfg = Release|Any CPU
		{35543B3B-E9AF-4591-AD4E-6EFC4F9FCBC3}.Release|Any CPU.Build.0 = Release|Any CPU
	EndGlobalSection
	GlobalSection(SolutionProperties) = preSolution
		HideSolutionNode = FALSE
	EndGlobalSection
	GlobalSection(ExtensibilityGlobals) = postSolution
		SolutionGuid = {F8BDA281-E14A-4183-ACB4-E0CA9F9AD0B1}
	EndGlobalSection
EndGlobal
